
Microsoft Visual Studio Solution File, Format Version 12.00
# Visual Studio Version 17
VisualStudioVersion = 17.4.33213.308
MinimumVisualStudioVersion = 10.0.40219.1
Project("{FAE04EC0-301F-11D3-BF4B-00C04F79EFBC}") = "ProgrammingAssignment1", "ProgrammingAssignment1\ProgrammingAssignment1.csproj", "{3F1222B3-2C16-4D2A-913E-9BC1516C5033}"
EndProject
Global
	GlobalSection(SolutionConfigurationPlatforms) = preSolution
		Debug|Any CPU = Debug|Any CPU
		Release|Any CPU = Release|Any CPU
	EndGlobalSection
	GlobalSection(ProjectConfigurationPlatforms) = postSolution
		{3F1222B3-2C16-4D2A-913E-9BC1516C5033}.Debug|Any CPU.ActiveCfg = Debug|Any CPU
		{3F1222B3-2C16-4D2A-913E-9BC1516C5033}.Debug|Any CPU.Build.0 = Debug|Any CPU
		{3F1222B3-2C16-4D2A-913E-9BC1516C5033}.Release|Any CPU.ActiveCfg = Release|Any CPU
		{3F1222B3-2C16-4D2A-913E-9BC1516C5033}.Release|Any CPU.Build.0 = Release|Any CPU
	EndGlobalSection
	GlobalSection(SolutionProperties) = preSolution
		HideSolutionNode = FALSE
	EndGlobalSection
	GlobalSection(ExtensibilityGlobals) = postSolution
		SolutionGuid = {8001E183-5DC6-402E-9478-0BC97AADAF29}
	EndGlobalSection
EndGlobal
